
Microsoft Visual Studio Solution File, Format Version 12.00
# Visual Studio Version 17
VisualStudioVersion = 17.0.31903.59
MinimumVisualStudioVersion = 10.0.40219.1
Project("{FAE04EC0-301F-11D3-BF4B-00C04F79EFBC}") = "22_PhungDucAnh_Assignment01_BackEnd", "22_PhungDucAnh_Assignment01_BackEnd\22_PhungDucAnh_Assignment01_BackEnd.csproj", "{5DBAB38B-82D5-4FC0-B6EE-1053957C53F4}"
EndProject
Project("{FAE04EC0-301F-11D3-BF4B-00C04F79EFBC}") = "22_PhungDucAnh_Assignment01_FrontEnd", "22_PhungDucAnh_Assignment01_FrontEnd\22_PhungDucAnh_Assignment01_FrontEnd.csproj", "{122B48D7-58C8-42AF-971F-81BB61557B02}"
EndProject
Global
	GlobalSection(SolutionConfigurationPlatforms) = preSolution
		Debug|Any CPU = Debug|Any CPU
		Debug|x64 = Debug|x64
		Debug|x86 = Debug|x86
		Release|Any CPU = Release|Any CPU
		Release|x64 = Release|x64
		Release|x86 = Release|x86
	EndGlobalSection
	GlobalSection(ProjectConfigurationPlatforms) = postSolution
		{5DBAB38B-82D5-4FC0-B6EE-1053957C53F4}.Debug|Any CPU.ActiveCfg = Debug|Any CPU
		{5DBAB38B-82D5-4FC0-B6EE-1053957C53F4}.Debug|Any CPU.Build.0 = Debug|Any CPU
		{5DBAB38B-82D5-4FC0-B6EE-1053957C53F4}.Debug|x64.ActiveCfg = Debug|Any CPU
		{5DBAB38B-82D5-4FC0-B6EE-1053957C53F4}.Debug|x64.Build.0 = Debug|Any CPU
		{5DBAB38B-82D5-4FC0-B6EE-1053957C53F4}.Debug|x86.ActiveCfg = Debug|Any CPU
		{5DBAB38B-82D5-4FC0-B6EE-1053957C53F4}.Debug|x86.Build.0 = Debug|Any CPU
		{5DBAB38B-82D5-4FC0-B6EE-1053957C53F4}.Release|Any CPU.ActiveCfg = Release|Any CPU
		{5DBAB38B-82D5-4FC0-B6EE-1053957C53F4}.Release|Any CPU.Build.0 = Release|Any CPU
		{5DBAB38B-82D5-4FC0-B6EE-1053957C53F4}.Release|x64.ActiveCfg = Release|Any CPU
		{5DBAB38B-82D5-4FC0-B6EE-1053957C53F4}.Release|x64.Build.0 = Release|Any CPU
		{5DBAB38B-82D5-4FC0-B6EE-1053957C53F4}.Release|x86.ActiveCfg = Release|Any CPU
		{5DBAB38B-82D5-4FC0-B6EE-1053957C53F4}.Release|x86.Build.0 = Release|Any CPU
		{122B48D7-58C8-42AF-971F-81BB61557B02}.Debug|Any CPU.ActiveCfg = Debug|Any CPU
		{122B48D7-58C8-42AF-971F-81BB61557B02}.Debug|Any CPU.Build.0 = Debug|Any CPU
		{122B48D7-58C8-42AF-971F-81BB61557B02}.Debug|x64.ActiveCfg = Debug|Any CPU
		{122B48D7-58C8-42AF-971F-81BB61557B02}.Debug|x64.Build.0 = Debug|Any CPU
		{122B48D7-58C8-42AF-971F-81BB61557B02}.Debug|x86.ActiveCfg = Debug|Any CPU
		{122B48D7-58C8-42AF-971F-81BB61557B02}.Debug|x86.Build.0 = Debug|Any CPU
		{122B48D7-58C8-42AF-971F-81BB61557B02}.Release|Any CPU.ActiveCfg = Release|Any CPU
		{122B48D7-58C8-42AF-971F-81BB61557B02}.Release|Any CPU.Build.0 = Release|Any CPU
		{122B48D7-58C8-42AF-971F-81BB61557B02}.Release|x64.ActiveCfg = Release|Any CPU
		{122B48D7-58C8-42AF-971F-81BB61557B02}.Release|x64.Build.0 = Release|Any CPU
		{122B48D7-58C8-42AF-971F-81BB61557B02}.Release|x86.ActiveCfg = Release|Any CPU
		{122B48D7-58C8-42AF-971F-81BB61557B02}.Release|x86.Build.0 = Release|Any CPU
	EndGlobalSection
	GlobalSection(SolutionProperties) = preSolution
		HideSolutionNode = FALSE
	EndGlobalSection
EndGlobal
